// !$*UTF8*$!
{
	archiveVersion = 1;
	classes = {
	};
	objectVersion = 77;
	objects = {

/* Begin PBXBuildFile section */
		18CD8B7C2DCFC05800AECE19 /* NetworkCore.framework in Frameworks */ = {isa = PBXBuildFile; fileRef = 18CD8B732DCFC05800AECE19 /* NetworkCore.framework */; };
		18CD8BBF2DCFC0E500AECE19 /* NetworkClientProtocol.swift in Sources */ = {isa = PBXBuildFile; fileRef = 18CD8BBD2DCFC0D400AECE19 /* NetworkClientProtocol.swift */; };
		18CD8BD32DCFC16400AECE19 /* NetworkClientSpy.swift in Sources */ = {isa = PBXBuildFile; fileRef = 18CD8BC42DCFC13A00AECE19 /* NetworkClientSpy.swift */; };
		18CD8BD82DCFC18500AECE19 /* NetworkClient.swift in Sources */ = {isa = PBXBuildFile; fileRef = 18CD8BD72DCFC17F00AECE19 /* NetworkClient.swift */; };
		18CD8BD92DCFC1A800AECE19 /* NetworkCoreTests.swift in Sources */ = {isa = PBXBuildFile; fileRef = 18CD8BC02DCFC0F900AECE19 /* NetworkCoreTests.swift */; };
		18CD8BDB2DCFC1D100AECE19 /* NetworkCoreInterface.framework in Frameworks */ = {isa = PBXBuildFile; fileRef = 18CD8BB52DCFC0C000AECE19 /* NetworkCoreInterface.framework */; };
		18CD8BE92DCFC1E400AECE19 /* NetworkCoreInterface.framework in Frameworks */ = {isa = PBXBuildFile; fileRef = 18CD8BB52DCFC0C000AECE19 /* NetworkCoreInterface.framework */; };
		18CD8BED2DCFC1E400AECE19 /* NetworkCoreTesting.framework in Frameworks */ = {isa = PBXBuildFile; fileRef = 18CD8BCB2DCFC15B00AECE19 /* NetworkCoreTesting.framework */; };
		18CD8BF22DCFC22700AECE19 /* NetworkCoreInterface.framework in Frameworks */ = {isa = PBXBuildFile; fileRef = 18CD8BB52DCFC0C000AECE19 /* NetworkCoreInterface.framework */; };
		18CD8C2D2DCFDB2300AECE19 /* HTTPNetworkRequest.swift in Sources */ = {isa = PBXBuildFile; fileRef = 18CD8C2C2DCFDB1D00AECE19 /* HTTPNetworkRequest.swift */; };
		18CD8C2F2DCFDB3700AECE19 /* HTTPMethod.swift in Sources */ = {isa = PBXBuildFile; fileRef = 18CD8C2E2DCFDB3500AECE19 /* HTTPMethod.swift */; };
		18CD8C312DCFDB5000AECE19 /* NetworkError.swift in Sources */ = {isa = PBXBuildFile; fileRef = 18CD8C302DCFDB4B00AECE19 /* NetworkError.swift */; };
		18CD8C332DCFDBF900AECE19 /* EmptyResponse.swift in Sources */ = {isa = PBXBuildFile; fileRef = 18CD8C322DCFDBF600AECE19 /* EmptyResponse.swift */; };
		18CD8C362DCFDC1D00AECE19 /* HTTPNetworkResponse.swift in Sources */ = {isa = PBXBuildFile; fileRef = 18CD8C352DCFDC1900AECE19 /* HTTPNetworkResponse.swift */; };
		18CD8C382DCFDC2900AECE19 /* RequestEncoding.swift in Sources */ = {isa = PBXBuildFile; fileRef = 18CD8C372DCFDC2900AECE19 /* RequestEncoding.swift */; };
		18CD8C3A2DCFDD9F00AECE19 /* SomeHTTPURLResponse.swift in Sources */ = {isa = PBXBuildFile; fileRef = 18CD8C392DCFDD9100AECE19 /* SomeHTTPURLResponse.swift */; };
/* End PBXBuildFile section */

/* Begin PBXContainerItemProxy section */
		18CD8B7D2DCFC05800AECE19 /* PBXContainerItemProxy */ = {
			isa = PBXContainerItemProxy;
			containerPortal = 18CD8B6A2DCFC05800AECE19 /* Project object */;
			proxyType = 1;
			remoteGlobalIDString = 18CD8B722DCFC05800AECE19;
			remoteInfo = NetworkCore;
		};
		18CD8BDD2DCFC1D100AECE19 /* PBXContainerItemProxy */ = {
			isa = PBXContainerItemProxy;
			containerPortal = 18CD8B6A2DCFC05800AECE19 /* Project object */;
			proxyType = 1;
			remoteGlobalIDString = 18CD8BB42DCFC0C000AECE19;
			remoteInfo = NetworkCoreInterface;
		};
		18CD8BE22DCFC1D900AECE19 /* PBXContainerItemProxy */ = {
			isa = PBXContainerItemProxy;
			containerPortal = 18CD8B6A2DCFC05800AECE19 /* Project object */;
			proxyType = 1;
			remoteGlobalIDString = 18CD8BB42DCFC0C000AECE19;
			remoteInfo = NetworkCoreInterface;
		};
		18CD8BEB2DCFC1E400AECE19 /* PBXContainerItemProxy */ = {
			isa = PBXContainerItemProxy;
			containerPortal = 18CD8B6A2DCFC05800AECE19 /* Project object */;
			proxyType = 1;
			remoteGlobalIDString = 18CD8BB42DCFC0C000AECE19;
			remoteInfo = NetworkCoreInterface;
		};
		18CD8BEF2DCFC1E400AECE19 /* PBXContainerItemProxy */ = {
			isa = PBXContainerItemProxy;
			containerPortal = 18CD8B6A2DCFC05800AECE19 /* Project object */;
			proxyType = 1;
			remoteGlobalIDString = 18CD8BCA2DCFC15B00AECE19;
			remoteInfo = NetworkCoreTesting;
		};
/* End PBXContainerItemProxy section */

/* Begin PBXFileReference section */
		18CD8B732DCFC05800AECE19 /* NetworkCore.framework */ = {isa = PBXFileReference; explicitFileType = wrapper.framework; includeInIndex = 0; path = NetworkCore.framework; sourceTree = BUILT_PRODUCTS_DIR; };
		18CD8B7B2DCFC05800AECE19 /* NetworkCoreTests.xctest */ = {isa = PBXFileReference; explicitFileType = wrapper.cfbundle; includeInIndex = 0; path = NetworkCoreTests.xctest; sourceTree = BUILT_PRODUCTS_DIR; };
		18CD8BB52DCFC0C000AECE19 /* NetworkCoreInterface.framework */ = {isa = PBXFileReference; explicitFileType = wrapper.framework; includeInIndex = 0; path = NetworkCoreInterface.framework; sourceTree = BUILT_PRODUCTS_DIR; };
		18CD8BBD2DCFC0D400AECE19 /* NetworkClientProtocol.swift */ = {isa = PBXFileReference; lastKnownFileType = sourcecode.swift; path = NetworkClientProtocol.swift; sourceTree = "<group>"; };
		18CD8BC02DCFC0F900AECE19 /* NetworkCoreTests.swift */ = {isa = PBXFileReference; lastKnownFileType = sourcecode.swift; path = NetworkCoreTests.swift; sourceTree = "<group>"; };
		18CD8BC42DCFC13A00AECE19 /* NetworkClientSpy.swift */ = {isa = PBXFileReference; lastKnownFileType = sourcecode.swift; path = NetworkClientSpy.swift; sourceTree = "<group>"; };
		18CD8BCB2DCFC15B00AECE19 /* NetworkCoreTesting.framework */ = {isa = PBXFileReference; explicitFileType = wrapper.framework; includeInIndex = 0; path = NetworkCoreTesting.framework; sourceTree = BUILT_PRODUCTS_DIR; };
		18CD8BD72DCFC17F00AECE19 /* NetworkClient.swift */ = {isa = PBXFileReference; lastKnownFileType = sourcecode.swift; path = NetworkClient.swift; sourceTree = "<group>"; };
		18CD8C2C2DCFDB1D00AECE19 /* HTTPNetworkRequest.swift */ = {isa = PBXFileReference; lastKnownFileType = sourcecode.swift; path = HTTPNetworkRequest.swift; sourceTree = "<group>"; };
		18CD8C2E2DCFDB3500AECE19 /* HTTPMethod.swift */ = {isa = PBXFileReference; lastKnownFileType = sourcecode.swift; path = HTTPMethod.swift; sourceTree = "<group>"; };
		18CD8C302DCFDB4B00AECE19 /* NetworkError.swift */ = {isa = PBXFileReference; lastKnownFileType = sourcecode.swift; path = NetworkError.swift; sourceTree = "<group>"; };
		18CD8C322DCFDBF600AECE19 /* EmptyResponse.swift */ = {isa = PBXFileReference; lastKnownFileType = sourcecode.swift; path = EmptyResponse.swift; sourceTree = "<group>"; };
		18CD8C352DCFDC1900AECE19 /* HTTPNetworkResponse.swift */ = {isa = PBXFileReference; lastKnownFileType = sourcecode.swift; path = HTTPNetworkResponse.swift; sourceTree = "<group>"; };
		18CD8C372DCFDC2900AECE19 /* RequestEncoding.swift */ = {isa = PBXFileReference; lastKnownFileType = sourcecode.swift; path = RequestEncoding.swift; sourceTree = "<group>"; };
		18CD8C392DCFDD9100AECE19 /* SomeHTTPURLResponse.swift */ = {isa = PBXFileReference; lastKnownFileType = sourcecode.swift; path = SomeHTTPURLResponse.swift; sourceTree = "<group>"; };
/* End PBXFileReference section */

/* Begin PBXFrameworksBuildPhase section */
		18CD8B702DCFC05800AECE19 /* Frameworks */ = {
			isa = PBXFrameworksBuildPhase;
			buildActionMask = 2147483647;
			files = (
				18CD8BF22DCFC22700AECE19 /* NetworkCoreInterface.framework in Frameworks */,
			);
			runOnlyForDeploymentPostprocessing = 0;
		};
		18CD8B782DCFC05800AECE19 /* Frameworks */ = {
			isa = PBXFrameworksBuildPhase;
			buildActionMask = 2147483647;
			files = (
				18CD8BE92DCFC1E400AECE19 /* NetworkCoreInterface.framework in Frameworks */,
				18CD8BED2DCFC1E400AECE19 /* NetworkCoreTesting.framework in Frameworks */,
				18CD8B7C2DCFC05800AECE19 /* NetworkCore.framework in Frameworks */,
			);
			runOnlyForDeploymentPostprocessing = 0;
		};
		18CD8BB22DCFC0C000AECE19 /* Frameworks */ = {
			isa = PBXFrameworksBuildPhase;
			buildActionMask = 2147483647;
			files = (
			);
			runOnlyForDeploymentPostprocessing = 0;
		};
		18CD8BC82DCFC15B00AECE19 /* Frameworks */ = {
			isa = PBXFrameworksBuildPhase;
			buildActionMask = 2147483647;
			files = (
				18CD8BDB2DCFC1D100AECE19 /* NetworkCoreInterface.framework in Frameworks */,
			);
			runOnlyForDeploymentPostprocessing = 0;
		};
/* End PBXFrameworksBuildPhase section */

/* Begin PBXGroup section */
		18CD8B692DCFC05800AECE19 = {
			isa = PBXGroup;
			children = (
				18CD8BA52DCFC09900AECE19 /* NetworkCore */,
				18CD8BDA2DCFC1D100AECE19 /* Frameworks */,
				18CD8B742DCFC05800AECE19 /* Products */,
			);
			sourceTree = "<group>";
		};
		18CD8B742DCFC05800AECE19 /* Products */ = {
			isa = PBXGroup;
			children = (
				18CD8B732DCFC05800AECE19 /* NetworkCore.framework */,
				18CD8B7B2DCFC05800AECE19 /* NetworkCoreTests.xctest */,
				18CD8BB52DCFC0C000AECE19 /* NetworkCoreInterface.framework */,
				18CD8BCB2DCFC15B00AECE19 /* NetworkCoreTesting.framework */,
			);
			name = Products;
			sourceTree = "<group>";
		};
		18CD8B912DCFC09900AECE19 /* Resources */ = {
			isa = PBXGroup;
			children = (
			);
			path = Resources;
			sourceTree = "<group>";
		};
		18CD8B942DCFC09900AECE19 /* Sources */ = {
			isa = PBXGroup;
			children = (
				18CD8BBD2DCFC0D400AECE19 /* NetworkClientProtocol.swift */,
				18CD8C302DCFDB4B00AECE19 /* NetworkError.swift */,
				18CD8C2B2DCFDB1700AECE19 /* Request */,
				18CD8C342DCFDC1300AECE19 /* Response */,
			);
			path = Sources;
			sourceTree = "<group>";
		};
		18CD8B952DCFC09900AECE19 /* Interface */ = {
			isa = PBXGroup;
			children = (
				18CD8B912DCFC09900AECE19 /* Resources */,
				18CD8B942DCFC09900AECE19 /* Sources */,
			);
			path = Interface;
			sourceTree = "<group>";
		};
		18CD8B962DCFC09900AECE19 /* Resources */ = {
			isa = PBXGroup;
			children = (
			);
			path = Resources;
			sourceTree = "<group>";
		};
		18CD8B982DCFC09900AECE19 /* Sources */ = {
			isa = PBXGroup;
			children = (
				18CD8BC02DCFC0F900AECE19 /* NetworkCoreTests.swift */,
			);
			path = Sources;
			sourceTree = "<group>";
		};
		18CD8B992DCFC09900AECE19 /* Tests */ = {
			isa = PBXGroup;
			children = (
				18CD8B962DCFC09900AECE19 /* Resources */,
				18CD8B982DCFC09900AECE19 /* Sources */,
			);
			path = Tests;
			sourceTree = "<group>";
		};
		18CD8B9A2DCFC09900AECE19 /* NetworkCore */ = {
			isa = PBXGroup;
			children = (
				18CD8BD42DCFC16E00AECE19 /* Implementation */,
				18CD8B952DCFC09900AECE19 /* Interface */,
				18CD8B992DCFC09900AECE19 /* Tests */,
			);
			path = NetworkCore;
			sourceTree = "<group>";
		};
		18CD8B9E2DCFC09900AECE19 /* Resources */ = {
			isa = PBXGroup;
			children = (
			);
			path = Resources;
			sourceTree = "<group>";
		};
		18CD8BA22DCFC09900AECE19 /* Sources */ = {
			isa = PBXGroup;
			children = (
				18CD8C392DCFDD9100AECE19 /* SomeHTTPURLResponse.swift */,
				18CD8C322DCFDBF600AECE19 /* EmptyResponse.swift */,
				18CD8BC42DCFC13A00AECE19 /* NetworkClientSpy.swift */,
			);
			path = Sources;
			sourceTree = "<group>";
		};
		18CD8BA32DCFC09900AECE19 /* Implementation */ = {
			isa = PBXGroup;
			children = (
				18CD8B9E2DCFC09900AECE19 /* Resources */,
				18CD8BA22DCFC09900AECE19 /* Sources */,
			);
			path = Implementation;
			sourceTree = "<group>";
		};
		18CD8BA42DCFC09900AECE19 /* Testing */ = {
			isa = PBXGroup;
			children = (
				18CD8BA32DCFC09900AECE19 /* Implementation */,
			);
			path = Testing;
			sourceTree = "<group>";
		};
		18CD8BA52DCFC09900AECE19 /* NetworkCore */ = {
			isa = PBXGroup;
			children = (
				18CD8B9A2DCFC09900AECE19 /* NetworkCore */,
				18CD8BA42DCFC09900AECE19 /* Testing */,
			);
			path = NetworkCore;
			sourceTree = "<group>";
		};
		18CD8BD42DCFC16E00AECE19 /* Implementation */ = {
			isa = PBXGroup;
			children = (
				18CD8BD62DCFC17900AECE19 /* Resources */,
				18CD8BD52DCFC17500AECE19 /* Sources */,
			);
			path = Implementation;
			sourceTree = "<group>";
		};
		18CD8BD52DCFC17500AECE19 /* Sources */ = {
			isa = PBXGroup;
			children = (
				18CD8BD72DCFC17F00AECE19 /* NetworkClient.swift */,
			);
			path = Sources;
			sourceTree = "<group>";
		};
		18CD8BD62DCFC17900AECE19 /* Resources */ = {
			isa = PBXGroup;
			children = (
			);
			path = Resources;
			sourceTree = "<group>";
		};
		18CD8BDA2DCFC1D100AECE19 /* Frameworks */ = {
			isa = PBXGroup;
			children = (
			);
			name = Frameworks;
			sourceTree = "<group>";
		};
		18CD8C2B2DCFDB1700AECE19 /* Request */ = {
			isa = PBXGroup;
			children = (
				18CD8C372DCFDC2900AECE19 /* RequestEncoding.swift */,
				18CD8C2E2DCFDB3500AECE19 /* HTTPMethod.swift */,
				18CD8C2C2DCFDB1D00AECE19 /* HTTPNetworkRequest.swift */,
			);
			path = Request;
			sourceTree = "<group>";
		};
		18CD8C342DCFDC1300AECE19 /* Response */ = {
			isa = PBXGroup;
			children = (
				18CD8C352DCFDC1900AECE19 /* HTTPNetworkResponse.swift */,
			);
			path = Response;
			sourceTree = "<group>";
		};
/* End PBXGroup section */

/* Begin PBXHeadersBuildPhase section */
		18CD8B6E2DCFC05800AECE19 /* Headers */ = {
			isa = PBXHeadersBuildPhase;
			buildActionMask = 2147483647;
			files = (
			);
			runOnlyForDeploymentPostprocessing = 0;
		};
		18CD8BB02DCFC0C000AECE19 /* Headers */ = {
			isa = PBXHeadersBuildPhase;
			buildActionMask = 2147483647;
			files = (
			);
			runOnlyForDeploymentPostprocessing = 0;
		};
		18CD8BC62DCFC15B00AECE19 /* Headers */ = {
			isa = PBXHeadersBuildPhase;
			buildActionMask = 2147483647;
			files = (
			);
			runOnlyForDeploymentPostprocessing = 0;
		};
/* End PBXHeadersBuildPhase section */

/* Begin PBXNativeTarget section */
		18CD8B722DCFC05800AECE19 /* NetworkCore */ = {
			isa = PBXNativeTarget;
			buildConfigurationList = 18CD8B842DCFC05800AECE19 /* Build configuration list for PBXNativeTarget "NetworkCore" */;
			buildPhases = (
				18CD8B6E2DCFC05800AECE19 /* Headers */,
				18CD8B6F2DCFC05800AECE19 /* Sources */,
				18CD8B702DCFC05800AECE19 /* Frameworks */,
				18CD8B712DCFC05800AECE19 /* Resources */,
			);
			buildRules = (
			);
			dependencies = (
				18CD8BE32DCFC1D900AECE19 /* PBXTargetDependency */,
			);
			name = NetworkCore;
			packageProductDependencies = (
			);
			productName = NetworkCore;
			productReference = 18CD8B732DCFC05800AECE19 /* NetworkCore.framework */;
			productType = "com.apple.product-type.framework";
		};
		18CD8B7A2DCFC05800AECE19 /* NetworkCoreTests */ = {
			isa = PBXNativeTarget;
			buildConfigurationList = 18CD8B892DCFC05800AECE19 /* Build configuration list for PBXNativeTarget "NetworkCoreTests" */;
			buildPhases = (
				18CD8B772DCFC05800AECE19 /* Sources */,
				18CD8B782DCFC05800AECE19 /* Frameworks */,
				18CD8B792DCFC05800AECE19 /* Resources */,
			);
			buildRules = (
			);
			dependencies = (
				18CD8B7E2DCFC05800AECE19 /* PBXTargetDependency */,
				18CD8BEC2DCFC1E400AECE19 /* PBXTargetDependency */,
				18CD8BF02DCFC1E400AECE19 /* PBXTargetDependency */,
			);
			name = NetworkCoreTests;
			packageProductDependencies = (
			);
			productName = NetworkCoreTests;
			productReference = 18CD8B7B2DCFC05800AECE19 /* NetworkCoreTests.xctest */;
			productType = "com.apple.product-type.bundle.unit-test";
		};
		18CD8BB42DCFC0C000AECE19 /* NetworkCoreInterface */ = {
			isa = PBXNativeTarget;
			buildConfigurationList = 18CD8BBA2DCFC0C000AECE19 /* Build configuration list for PBXNativeTarget "NetworkCoreInterface" */;
			buildPhases = (
				18CD8BB02DCFC0C000AECE19 /* Headers */,
				18CD8BB12DCFC0C000AECE19 /* Sources */,
				18CD8BB22DCFC0C000AECE19 /* Frameworks */,
				18CD8BB32DCFC0C000AECE19 /* Resources */,
			);
			buildRules = (
			);
			dependencies = (
			);
			name = NetworkCoreInterface;
			packageProductDependencies = (
			);
			productName = NetworkCoreInterface;
			productReference = 18CD8BB52DCFC0C000AECE19 /* NetworkCoreInterface.framework */;
			productType = "com.apple.product-type.framework";
		};
		18CD8BCA2DCFC15B00AECE19 /* NetworkCoreTesting */ = {
			isa = PBXNativeTarget;
			buildConfigurationList = 18CD8BD02DCFC15B00AECE19 /* Build configuration list for PBXNativeTarget "NetworkCoreTesting" */;
			buildPhases = (
				18CD8BC62DCFC15B00AECE19 /* Headers */,
				18CD8BC72DCFC15B00AECE19 /* Sources */,
				18CD8BC82DCFC15B00AECE19 /* Frameworks */,
				18CD8BC92DCFC15B00AECE19 /* Resources */,
			);
			buildRules = (
			);
			dependencies = (
				18CD8BDE2DCFC1D100AECE19 /* PBXTargetDependency */,
			);
			name = NetworkCoreTesting;
			packageProductDependencies = (
			);
			productName = NetworkCoreTesting;
			productReference = 18CD8BCB2DCFC15B00AECE19 /* NetworkCoreTesting.framework */;
			productType = "com.apple.product-type.framework";
		};
/* End PBXNativeTarget section */

/* Begin PBXProject section */
		18CD8B6A2DCFC05800AECE19 /* Project object */ = {
			isa = PBXProject;
			attributes = {
				BuildIndependentTargetsInParallel = 1;
				LastSwiftUpdateCheck = 1620;
				LastUpgradeCheck = 1620;
				TargetAttributes = {
					18CD8B722DCFC05800AECE19 = {
						CreatedOnToolsVersion = 16.2;
					};
					18CD8B7A2DCFC05800AECE19 = {
						CreatedOnToolsVersion = 16.2;
					};
					18CD8BB42DCFC0C000AECE19 = {
						CreatedOnToolsVersion = 16.2;
					};
					18CD8BCA2DCFC15B00AECE19 = {
						CreatedOnToolsVersion = 16.2;
					};
				};
			};
			buildConfigurationList = 18CD8B6D2DCFC05800AECE19 /* Build configuration list for PBXProject "NetworkCore" */;
			developmentRegion = en;
			hasScannedForEncodings = 0;
			knownRegions = (
				en,
				Base,
			);
			mainGroup = 18CD8B692DCFC05800AECE19;
			minimizedProjectReferenceProxies = 1;
			preferredProjectObjectVersion = 77;
			productRefGroup = 18CD8B742DCFC05800AECE19 /* Products */;
			projectDirPath = "";
			projectRoot = "";
			targets = (
				18CD8B722DCFC05800AECE19 /* NetworkCore */,
				18CD8B7A2DCFC05800AECE19 /* NetworkCoreTests */,
				18CD8BB42DCFC0C000AECE19 /* NetworkCoreInterface */,
				18CD8BCA2DCFC15B00AECE19 /* NetworkCoreTesting */,
			);
		};
/* End PBXProject section */

/* Begin PBXResourcesBuildPhase section */
		18CD8B712DCFC05800AECE19 /* Resources */ = {
			isa = PBXResourcesBuildPhase;
			buildActionMask = 2147483647;
			files = (
			);
			runOnlyForDeploymentPostprocessing = 0;
		};
		18CD8B792DCFC05800AECE19 /* Resources */ = {
			isa = PBXResourcesBuildPhase;
			buildActionMask = 2147483647;
			files = (
			);
			runOnlyForDeploymentPostprocessing = 0;
		};
		18CD8BB32DCFC0C000AECE19 /* Resources */ = {
			isa = PBXResourcesBuildPhase;
			buildActionMask = 2147483647;
			files = (
			);
			runOnlyForDeploymentPostprocessing = 0;
		};
		18CD8BC92DCFC15B00AECE19 /* Resources */ = {
			isa = PBXResourcesBuildPhase;
			buildActionMask = 2147483647;
			files = (
			);
			runOnlyForDeploymentPostprocessing = 0;
		};
/* End PBXResourcesBuildPhase section */

/* Begin PBXSourcesBuildPhase section */
		18CD8B6F2DCFC05800AECE19 /* Sources */ = {
			isa = PBXSourcesBuildPhase;
			buildActionMask = 2147483647;
			files = (
				18CD8BD82DCFC18500AECE19 /* NetworkClient.swift in Sources */,
			);
			runOnlyForDeploymentPostprocessing = 0;
		};
		18CD8B772DCFC05800AECE19 /* Sources */ = {
			isa = PBXSourcesBuildPhase;
			buildActionMask = 2147483647;
			files = (
				18CD8BD92DCFC1A800AECE19 /* NetworkCoreTests.swift in Sources */,
			);
			runOnlyForDeploymentPostprocessing = 0;
		};
		18CD8BB12DCFC0C000AECE19 /* Sources */ = {
			isa = PBXSourcesBuildPhase;
			buildActionMask = 2147483647;
			files = (
				18CD8BBF2DCFC0E500AECE19 /* NetworkClientProtocol.swift in Sources */,
				18CD8C2D2DCFDB2300AECE19 /* HTTPNetworkRequest.swift in Sources */,
				18CD8C382DCFDC2900AECE19 /* RequestEncoding.swift in Sources */,
				18CD8C362DCFDC1D00AECE19 /* HTTPNetworkResponse.swift in Sources */,
				18CD8C312DCFDB5000AECE19 /* NetworkError.swift in Sources */,
				18CD8C2F2DCFDB3700AECE19 /* HTTPMethod.swift in Sources */,
			);
			runOnlyForDeploymentPostprocessing = 0;
		};
		18CD8BC72DCFC15B00AECE19 /* Sources */ = {
			isa = PBXSourcesBuildPhase;
			buildActionMask = 2147483647;
			files = (
				18CD8C3A2DCFDD9F00AECE19 /* SomeHTTPURLResponse.swift in Sources */,
				18CD8C332DCFDBF900AECE19 /* EmptyResponse.swift in Sources */,
				18CD8BD32DCFC16400AECE19 /* NetworkClientSpy.swift in Sources */,
			);
			runOnlyForDeploymentPostprocessing = 0;
		};
/* End PBXSourcesBuildPhase section */

/* Begin PBXTargetDependency section */
		18CD8B7E2DCFC05800AECE19 /* PBXTargetDependency */ = {
			isa = PBXTargetDependency;
			target = 18CD8B722DCFC05800AECE19 /* NetworkCore */;
			targetProxy = 18CD8B7D2DCFC05800AECE19 /* PBXContainerItemProxy */;
		};
		18CD8BDE2DCFC1D100AECE19 /* PBXTargetDependency */ = {
			isa = PBXTargetDependency;
			target = 18CD8BB42DCFC0C000AECE19 /* NetworkCoreInterface */;
			targetProxy = 18CD8BDD2DCFC1D100AECE19 /* PBXContainerItemProxy */;
		};
		18CD8BE32DCFC1D900AECE19 /* PBXTargetDependency */ = {
			isa = PBXTargetDependency;
			target = 18CD8BB42DCFC0C000AECE19 /* NetworkCoreInterface */;
			targetProxy = 18CD8BE22DCFC1D900AECE19 /* PBXContainerItemProxy */;
		};
		18CD8BEC2DCFC1E400AECE19 /* PBXTargetDependency */ = {
			isa = PBXTargetDependency;
			target = 18CD8BB42DCFC0C000AECE19 /* NetworkCoreInterface */;
			targetProxy = 18CD8BEB2DCFC1E400AECE19 /* PBXContainerItemProxy */;
		};
		18CD8BF02DCFC1E400AECE19 /* PBXTargetDependency */ = {
			isa = PBXTargetDependency;
			target = 18CD8BCA2DCFC15B00AECE19 /* NetworkCoreTesting */;
			targetProxy = 18CD8BEF2DCFC1E400AECE19 /* PBXContainerItemProxy */;
		};
/* End PBXTargetDependency section */

/* Begin XCBuildConfiguration section */
		18CD8B852DCFC05800AECE19 /* Debug */ = {
			isa = XCBuildConfiguration;
			buildSettings = {
				BUILD_LIBRARY_FOR_DISTRIBUTION = YES;
				CODE_SIGN_STYLE = Automatic;
				CURRENT_PROJECT_VERSION = 1;
				DEFINES_MODULE = YES;
				DYLIB_COMPATIBILITY_VERSION = 1;
				DYLIB_CURRENT_VERSION = 1;
				DYLIB_INSTALL_NAME_BASE = "@rpath";
				ENABLE_MODULE_VERIFIER = YES;
				GENERATE_INFOPLIST_FILE = YES;
				INFOPLIST_KEY_NSHumanReadableCopyright = "";
				INSTALL_PATH = "$(LOCAL_LIBRARY_DIR)/Frameworks";
				LD_RUNPATH_SEARCH_PATHS = (
					"$(inherited)",
					"@executable_path/Frameworks",
					"@loader_path/Frameworks",
				);
				MARKETING_VERSION = 1.0;
				MODULE_VERIFIER_SUPPORTED_LANGUAGES = "objective-c objective-c++";
				MODULE_VERIFIER_SUPPORTED_LANGUAGE_STANDARDS = "gnu17 gnu++20";
				PRODUCT_BUNDLE_IDENTIFIER = dev.bressam.NetworkCore;
				PRODUCT_NAME = "$(TARGET_NAME:c99extidentifier)";
				SKIP_INSTALL = YES;
				SWIFT_EMIT_LOC_STRINGS = YES;
				SWIFT_INSTALL_OBJC_HEADER = NO;
				SWIFT_VERSION = 5.0;
				TARGETED_DEVICE_FAMILY = "1,2";
			};
			name = Debug;
		};
		18CD8B862DCFC05800AECE19 /* Release */ = {
			isa = XCBuildConfiguration;
			buildSettings = {
				BUILD_LIBRARY_FOR_DISTRIBUTION = YES;
				CODE_SIGN_STYLE = Automatic;
				CURRENT_PROJECT_VERSION = 1;
				DEFINES_MODULE = YES;
				DYLIB_COMPATIBILITY_VERSION = 1;
				DYLIB_CURRENT_VERSION = 1;
				DYLIB_INSTALL_NAME_BASE = "@rpath";
				ENABLE_MODULE_VERIFIER = YES;
				GENERATE_INFOPLIST_FILE = YES;
				INFOPLIST_KEY_NSHumanReadableCopyright = "";
				INSTALL_PATH = "$(LOCAL_LIBRARY_DIR)/Frameworks";
				LD_RUNPATH_SEARCH_PATHS = (
					"$(inherited)",
					"@executable_path/Frameworks",
					"@loader_path/Frameworks",
				);
				MARKETING_VERSION = 1.0;
				MODULE_VERIFIER_SUPPORTED_LANGUAGES = "objective-c objective-c++";
				MODULE_VERIFIER_SUPPORTED_LANGUAGE_STANDARDS = "gnu17 gnu++20";
				PRODUCT_BUNDLE_IDENTIFIER = dev.bressam.NetworkCore;
				PRODUCT_NAME = "$(TARGET_NAME:c99extidentifier)";
				SKIP_INSTALL = YES;
				SWIFT_EMIT_LOC_STRINGS = YES;
				SWIFT_INSTALL_OBJC_HEADER = NO;
				SWIFT_VERSION = 5.0;
				TARGETED_DEVICE_FAMILY = "1,2";
			};
			name = Release;
		};
		18CD8B872DCFC05800AECE19 /* Debug */ = {
			isa = XCBuildConfiguration;
			buildSettings = {
				ALWAYS_SEARCH_USER_PATHS = NO;
				ASSETCATALOG_COMPILER_GENERATE_SWIFT_ASSET_SYMBOL_EXTENSIONS = YES;
				CLANG_ANALYZER_NONNULL = YES;
				CLANG_ANALYZER_NUMBER_OBJECT_CONVERSION = YES_AGGRESSIVE;
				CLANG_CXX_LANGUAGE_STANDARD = "gnu++20";
				CLANG_ENABLE_MODULES = YES;
				CLANG_ENABLE_OBJC_ARC = YES;
				CLANG_ENABLE_OBJC_WEAK = YES;
				CLANG_WARN_BLOCK_CAPTURE_AUTORELEASING = YES;
				CLANG_WARN_BOOL_CONVERSION = YES;
				CLANG_WARN_COMMA = YES;
				CLANG_WARN_CONSTANT_CONVERSION = YES;
				CLANG_WARN_DEPRECATED_OBJC_IMPLEMENTATIONS = YES;
				CLANG_WARN_DIRECT_OBJC_ISA_USAGE = YES_ERROR;
				CLANG_WARN_DOCUMENTATION_COMMENTS = YES;
				CLANG_WARN_EMPTY_BODY = YES;
				CLANG_WARN_ENUM_CONVERSION = YES;
				CLANG_WARN_INFINITE_RECURSION = YES;
				CLANG_WARN_INT_CONVERSION = YES;
				CLANG_WARN_NON_LITERAL_NULL_CONVERSION = YES;
				CLANG_WARN_OBJC_IMPLICIT_RETAIN_SELF = YES;
				CLANG_WARN_OBJC_LITERAL_CONVERSION = YES;
				CLANG_WARN_OBJC_ROOT_CLASS = YES_ERROR;
				CLANG_WARN_QUOTED_INCLUDE_IN_FRAMEWORK_HEADER = YES;
				CLANG_WARN_RANGE_LOOP_ANALYSIS = YES;
				CLANG_WARN_STRICT_PROTOTYPES = YES;
				CLANG_WARN_SUSPICIOUS_MOVE = YES;
				CLANG_WARN_UNGUARDED_AVAILABILITY = YES_AGGRESSIVE;
				CLANG_WARN_UNREACHABLE_CODE = YES;
				CLANG_WARN__DUPLICATE_METHOD_MATCH = YES;
				COPY_PHASE_STRIP = NO;
				CURRENT_PROJECT_VERSION = 1;
				DEBUG_INFORMATION_FORMAT = dwarf;
				ENABLE_STRICT_OBJC_MSGSEND = YES;
				ENABLE_TESTABILITY = YES;
				ENABLE_USER_SCRIPT_SANDBOXING = YES;
				GCC_C_LANGUAGE_STANDARD = gnu17;
				GCC_DYNAMIC_NO_PIC = NO;
				GCC_NO_COMMON_BLOCKS = YES;
				GCC_OPTIMIZATION_LEVEL = 0;
				GCC_PREPROCESSOR_DEFINITIONS = (
					"DEBUG=1",
					"$(inherited)",
				);
				GCC_WARN_64_TO_32_BIT_CONVERSION = YES;
				GCC_WARN_ABOUT_RETURN_TYPE = YES_ERROR;
				GCC_WARN_UNDECLARED_SELECTOR = YES;
				GCC_WARN_UNINITIALIZED_AUTOS = YES_AGGRESSIVE;
				GCC_WARN_UNUSED_FUNCTION = YES;
				GCC_WARN_UNUSED_VARIABLE = YES;
				IPHONEOS_DEPLOYMENT_TARGET = 18.2;
				LOCALIZATION_PREFERS_STRING_CATALOGS = YES;
				MTL_ENABLE_DEBUG_INFO = INCLUDE_SOURCE;
				MTL_FAST_MATH = YES;
				ONLY_ACTIVE_ARCH = YES;
				SDKROOT = iphoneos;
				SWIFT_ACTIVE_COMPILATION_CONDITIONS = "DEBUG $(inherited)";
				SWIFT_OPTIMIZATION_LEVEL = "-Onone";
				VERSIONING_SYSTEM = "apple-generic";
				VERSION_INFO_PREFIX = "";
			};
			name = Debug;
		};
		18CD8B882DCFC05800AECE19 /* Release */ = {
			isa = XCBuildConfiguration;
			buildSettings = {
				ALWAYS_SEARCH_USER_PATHS = NO;
				ASSETCATALOG_COMPILER_GENERATE_SWIFT_ASSET_SYMBOL_EXTENSIONS = YES;
				CLANG_ANALYZER_NONNULL = YES;
				CLANG_ANALYZER_NUMBER_OBJECT_CONVERSION = YES_AGGRESSIVE;
				CLANG_CXX_LANGUAGE_STANDARD = "gnu++20";
				CLANG_ENABLE_MODULES = YES;
				CLANG_ENABLE_OBJC_ARC = YES;
				CLANG_ENABLE_OBJC_WEAK = YES;
				CLANG_WARN_BLOCK_CAPTURE_AUTORELEASING = YES;
				CLANG_WARN_BOOL_CONVERSION = YES;
				CLANG_WARN_COMMA = YES;
				CLANG_WARN_CONSTANT_CONVERSION = YES;
				CLANG_WARN_DEPRECATED_OBJC_IMPLEMENTATIONS = YES;
				CLANG_WARN_DIRECT_OBJC_ISA_USAGE = YES_ERROR;
				CLANG_WARN_DOCUMENTATION_COMMENTS = YES;
				CLANG_WARN_EMPTY_BODY = YES;
				CLANG_WARN_ENUM_CONVERSION = YES;
				CLANG_WARN_INFINITE_RECURSION = YES;
				CLANG_WARN_INT_CONVERSION = YES;
				CLANG_WARN_NON_LITERAL_NULL_CONVERSION = YES;
				CLANG_WARN_OBJC_IMPLICIT_RETAIN_SELF = YES;
				CLANG_WARN_OBJC_LITERAL_CONVERSION = YES;
				CLANG_WARN_OBJC_ROOT_CLASS = YES_ERROR;
				CLANG_WARN_QUOTED_INCLUDE_IN_FRAMEWORK_HEADER = YES;
				CLANG_WARN_RANGE_LOOP_ANALYSIS = YES;
				CLANG_WARN_STRICT_PROTOTYPES = YES;
				CLANG_WARN_SUSPICIOUS_MOVE = YES;
				CLANG_WARN_UNGUARDED_AVAILABILITY = YES_AGGRESSIVE;
				CLANG_WARN_UNREACHABLE_CODE = YES;
				CLANG_WARN__DUPLICATE_METHOD_MATCH = YES;
				COPY_PHASE_STRIP = NO;
				CURRENT_PROJECT_VERSION = 1;
				DEBUG_INFORMATION_FORMAT = "dwarf-with-dsym";
				ENABLE_NS_ASSERTIONS = NO;
				ENABLE_STRICT_OBJC_MSGSEND = YES;
				ENABLE_USER_SCRIPT_SANDBOXING = YES;
				GCC_C_LANGUAGE_STANDARD = gnu17;
				GCC_NO_COMMON_BLOCKS = YES;
				GCC_WARN_64_TO_32_BIT_CONVERSION = YES;
				GCC_WARN_ABOUT_RETURN_TYPE = YES_ERROR;
				GCC_WARN_UNDECLARED_SELECTOR = YES;
				GCC_WARN_UNINITIALIZED_AUTOS = YES_AGGRESSIVE;
				GCC_WARN_UNUSED_FUNCTION = YES;
				GCC_WARN_UNUSED_VARIABLE = YES;
				IPHONEOS_DEPLOYMENT_TARGET = 18.2;
				LOCALIZATION_PREFERS_STRING_CATALOGS = YES;
				MTL_ENABLE_DEBUG_INFO = NO;
				MTL_FAST_MATH = YES;
				SDKROOT = iphoneos;
				SWIFT_COMPILATION_MODE = wholemodule;
				VALIDATE_PRODUCT = YES;
				VERSIONING_SYSTEM = "apple-generic";
				VERSION_INFO_PREFIX = "";
			};
			name = Release;
		};
		18CD8B8A2DCFC05800AECE19 /* Debug */ = {
			isa = XCBuildConfiguration;
			buildSettings = {
				CODE_SIGN_STYLE = Automatic;
				CURRENT_PROJECT_VERSION = 1;
				GENERATE_INFOPLIST_FILE = YES;
				MARKETING_VERSION = 1.0;
				PRODUCT_BUNDLE_IDENTIFIER = dev.bressam.NetworkCoreTests;
				PRODUCT_NAME = "$(TARGET_NAME)";
				SWIFT_EMIT_LOC_STRINGS = NO;
				SWIFT_VERSION = 5.0;
				TARGETED_DEVICE_FAMILY = "1,2";
			};
			name = Debug;
		};
		18CD8B8B2DCFC05800AECE19 /* Release */ = {
			isa = XCBuildConfiguration;
			buildSettings = {
				CODE_SIGN_STYLE = Automatic;
				CURRENT_PROJECT_VERSION = 1;
				GENERATE_INFOPLIST_FILE = YES;
				MARKETING_VERSION = 1.0;
				PRODUCT_BUNDLE_IDENTIFIER = dev.bressam.NetworkCoreTests;
				PRODUCT_NAME = "$(TARGET_NAME)";
				SWIFT_EMIT_LOC_STRINGS = NO;
				SWIFT_VERSION = 5.0;
				TARGETED_DEVICE_FAMILY = "1,2";
			};
			name = Release;
		};
		18CD8BBB2DCFC0C000AECE19 /* Debug */ = {
			isa = XCBuildConfiguration;
			buildSettings = {
				BUILD_LIBRARY_FOR_DISTRIBUTION = YES;
				CODE_SIGN_STYLE = Automatic;
				CURRENT_PROJECT_VERSION = 1;
				DEFINES_MODULE = YES;
				DYLIB_COMPATIBILITY_VERSION = 1;
				DYLIB_CURRENT_VERSION = 1;
				DYLIB_INSTALL_NAME_BASE = "@rpath";
				ENABLE_MODULE_VERIFIER = YES;
				GENERATE_INFOPLIST_FILE = YES;
				INFOPLIST_KEY_NSHumanReadableCopyright = "";
				INSTALL_PATH = "$(LOCAL_LIBRARY_DIR)/Frameworks";
				LD_RUNPATH_SEARCH_PATHS = (
					"$(inherited)",
					"@executable_path/Frameworks",
					"@loader_path/Frameworks",
				);
				MARKETING_VERSION = 1.0;
				MODULE_VERIFIER_SUPPORTED_LANGUAGES = "objective-c objective-c++";
				MODULE_VERIFIER_SUPPORTED_LANGUAGE_STANDARDS = "gnu17 gnu++20";
				PRODUCT_BUNDLE_IDENTIFIER = dev.bressam.NetworkCoreInterface;
				PRODUCT_NAME = "$(TARGET_NAME:c99extidentifier)";
				SKIP_INSTALL = YES;
				SWIFT_EMIT_LOC_STRINGS = YES;
				SWIFT_INSTALL_OBJC_HEADER = NO;
				SWIFT_VERSION = 5.0;
				TARGETED_DEVICE_FAMILY = "1,2";
			};
			name = Debug;
		};
		18CD8BBC2DCFC0C000AECE19 /* Release */ = {
			isa = XCBuildConfiguration;
			buildSettings = {
				BUILD_LIBRARY_FOR_DISTRIBUTION = YES;
				CODE_SIGN_STYLE = Automatic;
				CURRENT_PROJECT_VERSION = 1;
				DEFINES_MODULE = YES;
				DYLIB_COMPATIBILITY_VERSION = 1;
				DYLIB_CURRENT_VERSION = 1;
				DYLIB_INSTALL_NAME_BASE = "@rpath";
				ENABLE_MODULE_VERIFIER = YES;
				GENERATE_INFOPLIST_FILE = YES;
				INFOPLIST_KEY_NSHumanReadableCopyright = "";
				INSTALL_PATH = "$(LOCAL_LIBRARY_DIR)/Frameworks";
				LD_RUNPATH_SEARCH_PATHS = (
					"$(inherited)",
					"@executable_path/Frameworks",
					"@loader_path/Frameworks",
				);
				MARKETING_VERSION = 1.0;
				MODULE_VERIFIER_SUPPORTED_LANGUAGES = "objective-c objective-c++";
				MODULE_VERIFIER_SUPPORTED_LANGUAGE_STANDARDS = "gnu17 gnu++20";
				PRODUCT_BUNDLE_IDENTIFIER = dev.bressam.NetworkCoreInterface;
				PRODUCT_NAME = "$(TARGET_NAME:c99extidentifier)";
				SKIP_INSTALL = YES;
				SWIFT_EMIT_LOC_STRINGS = YES;
				SWIFT_INSTALL_OBJC_HEADER = NO;
				SWIFT_VERSION = 5.0;
				TARGETED_DEVICE_FAMILY = "1,2";
			};
			name = Release;
		};
		18CD8BD12DCFC15B00AECE19 /* Debug */ = {
			isa = XCBuildConfiguration;
			buildSettings = {
				BUILD_LIBRARY_FOR_DISTRIBUTION = YES;
				CODE_SIGN_STYLE = Automatic;
				CURRENT_PROJECT_VERSION = 1;
				DEFINES_MODULE = YES;
				DYLIB_COMPATIBILITY_VERSION = 1;
				DYLIB_CURRENT_VERSION = 1;
				DYLIB_INSTALL_NAME_BASE = "@rpath";
				ENABLE_MODULE_VERIFIER = YES;
				GENERATE_INFOPLIST_FILE = YES;
				INFOPLIST_KEY_NSHumanReadableCopyright = "";
				INSTALL_PATH = "$(LOCAL_LIBRARY_DIR)/Frameworks";
				LD_RUNPATH_SEARCH_PATHS = (
					"$(inherited)",
					"@executable_path/Frameworks",
					"@loader_path/Frameworks",
				);
				MARKETING_VERSION = 1.0;
				MODULE_VERIFIER_SUPPORTED_LANGUAGES = "objective-c objective-c++";
				MODULE_VERIFIER_SUPPORTED_LANGUAGE_STANDARDS = "gnu17 gnu++20";
				PRODUCT_BUNDLE_IDENTIFIER = dev.bressam.NetworkCoreTesting;
				PRODUCT_NAME = "$(TARGET_NAME:c99extidentifier)";
				SKIP_INSTALL = YES;
				SWIFT_EMIT_LOC_STRINGS = YES;
				SWIFT_INSTALL_OBJC_HEADER = NO;
				SWIFT_VERSION = 5.0;
				TARGETED_DEVICE_FAMILY = "1,2";
			};
			name = Debug;
		};
		18CD8BD22DCFC15B00AECE19 /* Release */ = {
			isa = XCBuildConfiguration;
			buildSettings = {
				BUILD_LIBRARY_FOR_DISTRIBUTION = YES;
				CODE_SIGN_STYLE = Automatic;
				CURRENT_PROJECT_VERSION = 1;
				DEFINES_MODULE = YES;
				DYLIB_COMPATIBILITY_VERSION = 1;
				DYLIB_CURRENT_VERSION = 1;
				DYLIB_INSTALL_NAME_BASE = "@rpath";
				ENABLE_MODULE_VERIFIER = YES;
				GENERATE_INFOPLIST_FILE = YES;
				INFOPLIST_KEY_NSHumanReadableCopyright = "";
				INSTALL_PATH = "$(LOCAL_LIBRARY_DIR)/Frameworks";
				LD_RUNPATH_SEARCH_PATHS = (
					"$(inherited)",
					"@executable_path/Frameworks",
					"@loader_path/Frameworks",
				);
				MARKETING_VERSION = 1.0;
				MODULE_VERIFIER_SUPPORTED_LANGUAGES = "objective-c objective-c++";
				MODULE_VERIFIER_SUPPORTED_LANGUAGE_STANDARDS = "gnu17 gnu++20";
				PRODUCT_BUNDLE_IDENTIFIER = dev.bressam.NetworkCoreTesting;
				PRODUCT_NAME = "$(TARGET_NAME:c99extidentifier)";
				SKIP_INSTALL = YES;
				SWIFT_EMIT_LOC_STRINGS = YES;
				SWIFT_INSTALL_OBJC_HEADER = NO;
				SWIFT_VERSION = 5.0;
				TARGETED_DEVICE_FAMILY = "1,2";
			};
			name = Release;
		};
/* End XCBuildConfiguration section */

/* Begin XCConfigurationList section */
		18CD8B6D2DCFC05800AECE19 /* Build configuration list for PBXProject "NetworkCore" */ = {
			isa = XCConfigurationList;
			buildConfigurations = (
				18CD8B872DCFC05800AECE19 /* Debug */,
				18CD8B882DCFC05800AECE19 /* Release */,
			);
			defaultConfigurationIsVisible = 0;
			defaultConfigurationName = Release;
		};
		18CD8B842DCFC05800AECE19 /* Build configuration list for PBXNativeTarget "NetworkCore" */ = {
			isa = XCConfigurationList;
			buildConfigurations = (
				18CD8B852DCFC05800AECE19 /* Debug */,
				18CD8B862DCFC05800AECE19 /* Release */,
			);
			defaultConfigurationIsVisible = 0;
			defaultConfigurationName = Release;
		};
		18CD8B892DCFC05800AECE19 /* Build configuration list for PBXNativeTarget "NetworkCoreTests" */ = {
			isa = XCConfigurationList;
			buildConfigurations = (
				18CD8B8A2DCFC05800AECE19 /* Debug */,
				18CD8B8B2DCFC05800AECE19 /* Release */,
			);
			defaultConfigurationIsVisible = 0;
			defaultConfigurationName = Release;
		};
		18CD8BBA2DCFC0C000AECE19 /* Build configuration list for PBXNativeTarget "NetworkCoreInterface" */ = {
			isa = XCConfigurationList;
			buildConfigurations = (
				18CD8BBB2DCFC0C000AECE19 /* Debug */,
				18CD8BBC2DCFC0C000AECE19 /* Release */,
			);
			defaultConfigurationIsVisible = 0;
			defaultConfigurationName = Release;
		};
		18CD8BD02DCFC15B00AECE19 /* Build configuration list for PBXNativeTarget "NetworkCoreTesting" */ = {
			isa = XCConfigurationList;
			buildConfigurations = (
				18CD8BD12DCFC15B00AECE19 /* Debug */,
				18CD8BD22DCFC15B00AECE19 /* Release */,
			);
			defaultConfigurationIsVisible = 0;
			defaultConfigurationName = Release;
		};
/* End XCConfigurationList section */
	};
	rootObject = 18CD8B6A2DCFC05800AECE19 /* Project object */;
}
